version: 6
environments:
  default:
    channels:
    - url: https://conda.anaconda.org/bioconda/
    - url: https://conda.anaconda.org/conda-forge/
    options:
      pypi-prerelease-mode: if-necessary-or-explicit
    packages:
      linux-64:
      - conda: https://conda.anaconda.org/conda-forge/linux-64/_openmp_mutex-4.5-20_gnu.conda
      - conda: https://conda.anaconda.org/bioconda/linux-64/c-ares-1.11.0-h470a237_1.tar.bz2
      - conda: https://conda.anaconda.org/conda-forge/noarch/ca-certificates-2026.2.25-hbd8a1cb_0.conda
      - conda: https://conda.anaconda.org/bioconda/linux-64/coreutils-8.25-1.tar.bz2
      - conda: https://conda.anaconda.org/conda-forge/linux-64/curl-7.71.1-he644dc0_8.tar.bz2
      - conda: https://conda.anaconda.org/conda-forge/linux-64/graalpy-23.0.0-0_graalvm_native.conda
      - conda: https://conda.anaconda.org/conda-forge/linux-64/graalpy-graalvm-23.0.0-h4d560db_0.conda
      - conda: https://conda.anaconda.org/conda-forge/linux-64/krb5-1.17.2-h926e7f8_0.tar.bz2
      - conda: https://conda.anaconda.org/conda-forge/linux-64/libcurl-7.71.1-hcdd3856_8.tar.bz2
      - conda: https://conda.anaconda.org/conda-forge/linux-64/libedit-3.1.20250104-pl5321h7949ede_0.conda
      - conda: https://conda.anaconda.org/conda-forge/linux-64/libev-4.33-hd590300_2.conda
      - conda: https://conda.anaconda.org/conda-forge/linux-64/libgcc-15.2.0-he0feb66_18.conda
      - conda: https://conda.anaconda.org/conda-forge/linux-64/libgcc-ng-15.2.0-h69a702a_18.conda
      - conda: https://conda.anaconda.org/conda-forge/linux-64/libgomp-15.2.0-he0feb66_18.conda
      - conda: https://conda.anaconda.org/conda-forge/linux-64/libnghttp2-1.41.0-hab1572f_1.tar.bz2
      - conda: https://conda.anaconda.org/conda-forge/linux-64/libssh2-1.10.0-haa6b8db_3.tar.bz2
      - conda: https://conda.anaconda.org/conda-forge/linux-64/libstdcxx-15.2.0-h934c35e_18.conda
      - conda: https://conda.anaconda.org/conda-forge/linux-64/libstdcxx-ng-15.2.0-hdf11a46_18.conda
      - conda: https://conda.anaconda.org/conda-forge/linux-64/libzlib-1.2.13-h4ab18f5_6.conda
      - conda: https://conda.anaconda.org/conda-forge/linux-64/ncurses-6.5-h2d0b736_3.conda
      - conda: https://conda.anaconda.org/bioconda/noarch/nextflow-25.10.4-h2a3209d_0.conda
      - conda: https://conda.anaconda.org/conda-forge/linux-64/openjdk-17.0.7.4-0_graalvm230b10.conda
      - conda: https://conda.anaconda.org/conda-forge/linux-64/openssl-1.1.1w-hd590300_0.conda
      - conda: https://conda.anaconda.org/conda-forge/linux-64/patch-2.8-hb03c661_1002.conda
      - conda: https://conda.anaconda.org/conda-forge/noarch/python_abi-3.10-8_graalpy230_310_native.conda
      - conda: https://conda.anaconda.org/conda-forge/linux-64/tk-8.6.13-noxft_h4845f30_101.conda
      - conda: https://conda.anaconda.org/conda-forge/linux-64/zlib-1.2.13-h4ab18f5_6.conda
packages:
- conda: https://conda.anaconda.org/conda-forge/linux-64/_openmp_mutex-4.5-20_gnu.conda
  build_number: 20
  sha256: 1dd3fffd892081df9726d7eb7e0dea6198962ba775bd88842135a4ddb4deb3c9
  md5: a9f577daf3de00bca7c3c76c0ecbd1de
  depends:
  - __glibc >=2.17,<3.0.a0
  - libgomp >=7.5.0
  constrains:
  - openmp_impl <0.0a0
  license: BSD-3-Clause
  license_family: BSD
  size: 28948
  timestamp: 1770939786096
- conda: https://conda.anaconda.org/bioconda/linux-64/c-ares-1.11.0-h470a237_1.tar.bz2
  sha256: b56a4de91674ede433104447663e9a40553f654dc576e8dc1734aae66db28b10
  md5: cd621a5a302e401429e1ba2157082bb6
  depends:
  - libgcc-ng >=4.9
  license: MIT
  size: 89270
  timestamp: 1530469862453
- conda: https://conda.anaconda.org/conda-forge/noarch/ca-certificates-2026.2.25-hbd8a1cb_0.conda
  sha256: 67cc7101b36421c5913a1687ef1b99f85b5d6868da3abbf6ec1a4181e79782fc
  md5: 4492fd26db29495f0ba23f146cd5638d
  depends:
  - __unix
  license: ISC
  size: 147413
  timestamp: 1772006283803
- conda: https://conda.anaconda.org/bioconda/linux-64/coreutils-8.25-1.tar.bz2
  sha256: 100ae56385da5632b7e876dbc868d95a31454ac3b2ff0d76ee81e99d1fe5df15
  md5: dd7804252590d3167bdad0a125d09de0
  depends:
  - libgcc
  license: GPL
  size: 9581071
- conda: https://conda.anaconda.org/conda-forge/linux-64/curl-7.71.1-he644dc0_8.tar.bz2
  sha256: 11c818304bc481cef8b17f716e7d3b6063b7baedb6de6aa408c06c66ef99c971
  md5: 7fadfa44182e1cc0dbbe0c169c0b15cc
  depends:
  - krb5 >=1.17.1,<1.18.0a0
  - libcurl 7.71.1 hcdd3856_8
  - libgcc-ng >=7.5.0
  - libssh2 >=1.9.0,<2.0a0
  - zlib >=1.2.11,<1.3.0a0
  license: curl
  license_family: MIT
  size: 142318
  timestamp: 1601416398312
- conda: https://conda.anaconda.org/conda-forge/linux-64/graalpy-23.0.0-0_graalvm_native.conda
  sha256: 6ecaa3f9bd931297486fc5214586c86149a24d45c0350751f8df188391cbb0f1
  md5: 85bac1f7293c98ef7b2f8393fccebca1
  depends:
  - curl
  - libgcc-ng >=12
  - libstdcxx-ng >=12
  - libzlib >=1.2.13,<2.0.0a0
  - patch
  - python_abi 3.10.* *_graalpy230_310_native
  constrains:
  - python 3.10.8 0_native230_graalpy
  license: UPL-1.0
  size: 342650237
  timestamp: 1686727776471
- conda: https://conda.anaconda.org/conda-forge/linux-64/graalpy-graalvm-23.0.0-h4d560db_0.conda
  sha256: 5c346c623173e92c05d4367b149d03fd3ef20a84bdaee02f6c1e48c49853c740
  md5: 5169d6f5a7c34e38a3b4b0495f78f06a
  depends:
  - graalpy 23.0.0 0_graalvm_native
  license: UPL-1.0
  size: 89417
  timestamp: 1686728172618
- conda: https://conda.anaconda.org/conda-forge/linux-64/krb5-1.17.2-h926e7f8_0.tar.bz2
  sha256: abc0215ea012b0e55d5fac452901fec4073e067452620cba8d8c684330b4eaee
  md5: 926325c11478d6e781e76072c117763b
  depends:
  - libedit >=3.1.20191231,<3.2.0a0
  - libedit >=3.1.20191231,<4.0a0
  - libgcc-ng >=7.5.0
  - libstdcxx-ng >=7.5.0
  - openssl >=1.1.1h,<1.1.2a
  - tk >=8.6.10,<8.7.0a0
  license: MIT
  license_family: MIT
  size: 1506662
  timestamp: 1605658487229
- conda: https://conda.anaconda.org/conda-forge/linux-64/libcurl-7.71.1-hcdd3856_8.tar.bz2
  sha256: b99f1b7c90bba10f971ccfc0f358aa22c39bdf5ba36af6db0e0511566c17cda0
  md5: 2c81fb9f0d82c04b08617fc73eb615af
  depends:
  - krb5 >=1.17.1,<1.18.0a0
  - libgcc-ng >=7.5.0
  - libnghttp2 >=1.41.0,<2.0a0
  - libssh2 >=1.9.0,<2.0a0
  - openssl >=1.1.1h,<1.1.2a
  - zlib >=1.2.11,<1.3.0a0
  license: curl
  license_family: MIT
  size: 319720
  timestamp: 1601416372160
- conda: https://conda.anaconda.org/conda-forge/linux-64/libedit-3.1.20250104-pl5321h7949ede_0.conda
  sha256: d789471216e7aba3c184cd054ed61ce3f6dac6f87a50ec69291b9297f8c18724
  md5: c277e0a4d549b03ac1e9d6cbbe3d017b
  depends:
  - ncurses
  - __glibc >=2.17,<3.0.a0
  - libgcc >=13
  - ncurses >=6.5,<7.0a0
  license: BSD-2-Clause
  license_family: BSD
  size: 134676
  timestamp: 1738479519902
- conda: https://conda.anaconda.org/conda-forge/linux-64/libev-4.33-hd590300_2.conda
  sha256: 1cd6048169fa0395af74ed5d8f1716e22c19a81a8a36f934c110ca3ad4dd27b4
  md5: 172bf1cd1ff8629f2b1179945ed45055
  depends:
  - libgcc-ng >=12
  license: BSD-2-Clause
  license_family: BSD
  size: 112766
  timestamp: 1702146165126
- conda: https://conda.anaconda.org/conda-forge/linux-64/libgcc-15.2.0-he0feb66_18.conda
  sha256: faf7d2017b4d718951e3a59d081eb09759152f93038479b768e3d612688f83f5
  md5: 0aa00f03f9e39fb9876085dee11a85d4
  depends:
  - __glibc >=2.17,<3.0.a0
  - _openmp_mutex >=4.5
  constrains:
  - libgcc-ng ==15.2.0=*_18
  - libgomp 15.2.0 he0feb66_18
  license: GPL-3.0-only WITH GCC-exception-3.1
  license_family: GPL
  size: 1041788
  timestamp: 1771378212382
- conda: https://conda.anaconda.org/conda-forge/linux-64/libgcc-ng-15.2.0-h69a702a_18.conda
  sha256: e318a711400f536c81123e753d4c797a821021fb38970cebfb3f454126016893
  md5: d5e96b1ed75ca01906b3d2469b4ce493
  depends:
  - libgcc 15.2.0 he0feb66_18
  license: GPL-3.0-only WITH GCC-exception-3.1
  license_family: GPL
  size: 27526
  timestamp: 1771378224552
- conda: https://conda.anaconda.org/conda-forge/linux-64/libgomp-15.2.0-he0feb66_18.conda
  sha256: 21337ab58e5e0649d869ab168d4e609b033509de22521de1bfed0c031bfc5110
  md5: 239c5e9546c38a1e884d69effcf4c882
  depends:
  - __glibc >=2.17,<3.0.a0
  license: GPL-3.0-only WITH GCC-exception-3.1
  license_family: GPL
  size: 603262
  timestamp: 1771378117851
- conda: https://conda.anaconda.org/conda-forge/linux-64/libnghttp2-1.41.0-hab1572f_1.tar.bz2
  sha256: 3929d6bc06df58d0624da6f09aaaef41153d0f5c5dd60391fb7918bb2ad614ab
  md5: 58bc2ebb4845592a123d67691c2de607
  depends:
  - c-ares >=1.7.5
  - libev >=4.11
  - libgcc-ng >=7.5.0
  - libstdcxx-ng
  - openssl >=1.1.1g,<1.1.2a
  - zlib >=1.2.11,<1.3.0a0
  license: MIT
  license_family: MIT
  size: 726042
  timestamp: 1594890274092
- conda: https://conda.anaconda.org/conda-forge/linux-64/libssh2-1.10.0-haa6b8db_3.tar.bz2
  sha256: 3c2ed83502bedf4ec8c5b972accb6ff1b6c018f72fb711cdb65cb8540d5ab89e
  md5: 89acee135f0809a18a1f4537390aa2dd
  depends:
  - libgcc-ng >=12
  - libzlib >=1.2.12,<2.0.0a0
  - openssl >=1.1.1q,<1.1.2a
  license: BSD-3-Clause
  license_family: BSD
  size: 239461
  timestamp: 1660346486026
- conda: https://conda.anaconda.org/conda-forge/linux-64/libstdcxx-15.2.0-h934c35e_18.conda
  sha256: 78668020064fdaa27e9ab65cd2997e2c837b564ab26ce3bf0e58a2ce1a525c6e
  md5: 1b08cd684f34175e4514474793d44bcb
  depends:
  - __glibc >=2.17,<3.0.a0
  - libgcc 15.2.0 he0feb66_18
  constrains:
  - libstdcxx-ng ==15.2.0=*_18
  license: GPL-3.0-only WITH GCC-exception-3.1
  license_family: GPL
  size: 5852330
  timestamp: 1771378262446
- conda: https://conda.anaconda.org/conda-forge/linux-64/libstdcxx-ng-15.2.0-hdf11a46_18.conda
  sha256: 3c902ffd673cb3c6ddde624cdb80f870b6c835f8bf28384b0016e7d444dd0145
  md5: 6235adb93d064ecdf3d44faee6f468de
  depends:
  - libstdcxx 15.2.0 h934c35e_18
  license: GPL-3.0-only WITH GCC-exception-3.1
  license_family: GPL
  size: 27575
  timestamp: 1771378314494
- conda: https://conda.anaconda.org/conda-forge/linux-64/libzlib-1.2.13-h4ab18f5_6.conda
  sha256: 8ced4afed6322172182af503f21725d072a589a6eb918f8a58135c1e00d35980
  md5: 27329162c0dc732bcf67a4e0cd488125
  depends:
  - libgcc-ng >=12
  constrains:
  - zlib 1.2.13 *_6
  license: Zlib
  license_family: Other
  size: 61571
  timestamp: 1716874066944
- conda: https://conda.anaconda.org/conda-forge/linux-64/ncurses-6.5-h2d0b736_3.conda
  sha256: 3fde293232fa3fca98635e1167de6b7c7fda83caf24b9d6c91ec9eefb4f4d586
  md5: 47e340acb35de30501a76c7c799c41d7
  depends:
  - __glibc >=2.17,<3.0.a0
  - libgcc >=13
  license: X11 AND BSD-3-Clause
  size: 891641
  timestamp: 1738195959188
- conda: https://conda.anaconda.org/bioconda/noarch/nextflow-25.10.4-h2a3209d_0.conda
  sha256: 26917ebbec4133e8d15a6557e3234a976573e46fafda62a28d37d6916d7ad9f9
  md5: 1fc010bbb636e291ca5812bc1a53917b
  depends:
  - coreutils
  - curl
  - openjdk >=17,<=24
  license: Apache-2.0
  size: 34829682
  timestamp: 1770744718359
- conda: https://conda.anaconda.org/conda-forge/linux-64/openjdk-17.0.7.4-0_graalvm230b10.conda
  build_number: 0
  sha256: 9191fecb66517cf65aa105816506bbc7d0db41843b799e6542c3f77beffb9f8e
  md5: bb483475647205e38a0895ea273d19d3
  depends:
  - graalpy-graalvm 23.0.0 h4d560db_0
  track_features:
  - graalpy-graalvm
  license: UPL-1.0
  size: 89504
  timestamp: 1686728203199
- conda: https://conda.anaconda.org/conda-forge/linux-64/openssl-1.1.1w-hd590300_0.conda
  sha256: 4fe19885c77f0758084feb54954bd1977dfeeab7134fba0a1d9c0cfff821d6bd
  md5: 301e70057a3bd399640bb16bbdf87995
  depends:
  - ca-certificates
  - libgcc-ng >=12
  license: OpenSSL
  license_family: Apache
  size: 1956010
  timestamp: 1694461292959
- conda: https://conda.anaconda.org/conda-forge/linux-64/patch-2.8-hb03c661_1002.conda
  sha256: 61d3a3ef79952014bf536ffd84828d3558fc58b332adb89ed198b77fb301c2c5
  md5: eaa73c6e5aff5b28675147abc350d49a
  depends:
  - __glibc >=2.17,<3.0.a0
  - libgcc >=14
  license: GPL-3.0-or-later
  license_family: GPL
  size: 117222
  timestamp: 1757600683480
- conda: https://conda.anaconda.org/conda-forge/noarch/python_abi-3.10-8_graalpy230_310_native.conda
  build_number: 8
  noarch: generic
  sha256: fda60de1047c7f9b55e6d6b104f238a4f0acd9c24437e3c41578015c5b94b68b
  md5: 3b71889894d67f93962cd406c5698002
  constrains:
  - python 3.10.* *_native230_graalpy
  track_features:
  - native_graalpy
  license: BSD-3-Clause
  license_family: BSD
  size: 7074
  timestamp: 1752805934662
- conda: https://conda.anaconda.org/conda-forge/linux-64/tk-8.6.13-noxft_h4845f30_101.conda
  sha256: e0569c9caa68bf476bead1bed3d79650bb080b532c64a4af7d8ca286c08dea4e
  md5: d453b98d9c83e71da0741bb0ff4d76bc
  depends:
  - libgcc-ng >=12
  - libzlib >=1.2.13,<2.0.0a0
  license: TCL
  license_family: BSD
  size: 3318875
  timestamp: 1699202167581
- conda: https://conda.anaconda.org/conda-forge/linux-64/zlib-1.2.13-h4ab18f5_6.conda
  sha256: 534824ea44939f3e59ca8ebb95e3ece6f50f9d2a0e69999fbc692311252ed6ac
  md5: 559d338a4234c2ad6e676f460a093e67
  depends:
  - libgcc-ng >=12
  - libzlib 1.2.13 h4ab18f5_6
  license: Zlib
  license_family: Other
  size: 92883
  timestamp: 1716874088980
